
Microsoft Visual Studio Solution File, Format Version 12.00
# Visual Studio Version 17
VisualStudioVersion = 17.6.33815.320
MinimumVisualStudioVersion = 10.0.40219.1
Project("{FAE04EC0-301F-11D3-BF4B-00C04F79EFBC}") = "demo01复习委托", "demo01复习委托.csproj", "{F6B971E0-CF72-4DCB-987B-CF3675B40D9F}"
EndProject
Global
	GlobalSection(SolutionConfigurationPlatforms) = preSolution
		Debug|Any CPU = Debug|Any CPU
		Release|Any CPU = Release|Any CPU
	EndGlobalSection
	GlobalSection(ProjectConfigurationPlatforms) = postSolution
		{F6B971E0-CF72-4DCB-987B-CF3675B40D9F}.Debug|Any CPU.ActiveCfg = Debug|Any CPU
		{F6B971E0-CF72-4DCB-987B-CF3675B40D9F}.Debug|Any CPU.Build.0 = Debug|Any CPU
		{F6B971E0-CF72-4DCB-987B-CF3675B40D9F}.Release|Any CPU.ActiveCfg = Release|Any CPU
		{F6B971E0-CF72-4DCB-987B-CF3675B40D9F}.Release|Any CPU.Build.0 = Release|Any CPU
	EndGlobalSection
	GlobalSection(SolutionProperties) = preSolution
		HideSolutionNode = FALSE
	EndGlobalSection
	GlobalSection(ExtensibilityGlobals) = postSolution
		SolutionGuid = {25079337-8443-448A-8552-C261F8A9B822}
	EndGlobalSection
EndGlobal
